{
    "name": "www",
    "lockfileVersion": 3,
    "requires": true,
    "packages": {
        "": {
            "devDependencies": {
                "axios": "^1.1.2",
                "laravel-vite-plugin": "^0.7.2",
                "vite": "^4.0.0"
            }
        },
        "node_modules/@esbuild/android-arm": {
            "version": "0.17.17",
            "resolved": "https://registry.npmjs.org/@esbuild/android-arm/-/android-arm-0.17.17.tgz",
            "integrity": "sha512-E6VAZwN7diCa3labs0GYvhEPL2M94WLF8A+czO8hfjREXxba8Ng7nM5VxV+9ihNXIY1iQO1XxUU4P7hbqbICxg==",
            "cpu": [
                "arm"
            ],
            "dev": true,
            "optional": true,
            "os": [
                "android"
            ],
            "engines": {
                "node": ">=12"
            }
        },
        "node_modules/@esbuild/android-arm64": {
            "version": "0.17.17",
            "resolved": "https://registry.npmjs.org/@esbuild/android-arm64/-/android-arm64-0.17.17.tgz",
            "integrity": "sha512-jaJ5IlmaDLFPNttv0ofcwy/cfeY4bh/n705Tgh+eLObbGtQBK3EPAu+CzL95JVE4nFAliyrnEu0d32Q5foavqg==",
            "cpu": [
                "arm64"
            ],
            "dev": true,
            "optional": true,
            "os": [
                "android"
            ],
            "engines": {
                "node": ">=12"
            }
        },
        "node_modules/@esbuild/android-x64": {
            "version": "0.17.17",
            "resolved": "https://registry.npmjs.org/@esbuild/android-x64/-/android-x64-0.17.17.tgz",
            "integrity": "sha512-446zpfJ3nioMC7ASvJB1pszHVskkw4u/9Eu8s5yvvsSDTzYh4p4ZIRj0DznSl3FBF0Z/mZfrKXTtt0QCoFmoHA==",
            "cpu": [
                "x64"
            ],
            "dev": true,
            "optional": true,
            "os": [
                "android"
            ],
            "engines": {
                "node": ">=12"
            }
        },
        "node_modules/@esbuild/darwin-arm64": {
            "version": "0.17.17",
            "resolved": "https://registry.npmjs.org/@esbuild/darwin-arm64/-/darwin-arm64-0.17.17.tgz",
            "integrity": "sha512-m/gwyiBwH3jqfUabtq3GH31otL/0sE0l34XKpSIqR7NjQ/XHQ3lpmQHLHbG8AHTGCw8Ao059GvV08MS0bhFIJQ==",
            "cpu": [
                "arm64"
            ],
            "dev": true,
            "optional": true,
            "os": [
                "darwin"
            ],
            "engines": {
                "node": ">=12"
            }
        },
        "node_modules/@esbuild/darwin-x64": {
            "version": "0.17.17",
            "resolved": "https://registry.npmjs.org/@esbuild/darwin-x64/-/darwin-x64-0.17.17.tgz",
            "integrity": "sha512-4utIrsX9IykrqYaXR8ob9Ha2hAY2qLc6ohJ8c0CN1DR8yWeMrTgYFjgdeQ9LIoTOfLetXjuCu5TRPHT9yKYJVg==",
            "cpu": [
                "x64"
            ],
            "dev": true,
            "optional": true,
            "os": [
                "darwin"
            ],
            "engines": {
                "node": ">=12"
            }
        },
        "node_modules/@esbuild/freebsd-arm64": {
            "version": "0.17.17",
            "resolved": "https://registry.npmjs.org/@esbuild/freebsd-arm64/-/freebsd-arm64-0.17.17.tgz",
            "integrity": "sha512-4PxjQII/9ppOrpEwzQ1b0pXCsFLqy77i0GaHodrmzH9zq2/NEhHMAMJkJ635Ns4fyJPFOlHMz4AsklIyRqFZWA==",
            "cpu": [
                "arm64"
            ],
            "dev": true,
            "optional": true,
            "os": [
                "freebsd"
            ],
            "engines": {
                "node": ">=12"
            }
        },
        "node_modules/@esbuild/freebsd-x64": {
            "version": "0.17.17",
            "resolved": "https://registry.npmjs.org/@esbuild/freebsd-x64/-/freebsd-x64-0.17.17.tgz",
            "integrity": "sha512-lQRS+4sW5S3P1sv0z2Ym807qMDfkmdhUYX30GRBURtLTrJOPDpoU0kI6pVz1hz3U0+YQ0tXGS9YWveQjUewAJw==",
            "cpu": [
                "x64"
            ],
            "dev": true,
            "optional": true,
            "os": [
                "freebsd"
            ],
            "engines": {
                "node": ">=12"
            }
        },
        "node_modules/@esbuild/linux-arm": {
            "version": "0.17.17",
            "resolved": "https://registry.npmjs.org/@esbuild/linux-arm/-/linux-arm-0.17.17.tgz",
            "integrity": "sha512-biDs7bjGdOdcmIk6xU426VgdRUpGg39Yz6sT9Xp23aq+IEHDb/u5cbmu/pAANpDB4rZpY/2USPhCA+w9t3roQg==",
            "cpu": [
                "arm"
            ],
            "dev": true,
            "optional": true,
            "os": [
                "linux"
            ],
            "engines": {
                "node": ">=12"
            }
        },
        "node_modules/@esbuild/linux-arm64": {
            "version": "0.17.17",
            "resolved": "https://registry.npmjs.org/@esbuild/linux-arm64/-/linux-arm64-0.17.17.tgz",
            "integrity": "sha512-2+pwLx0whKY1/Vqt8lyzStyda1v0qjJ5INWIe+d8+1onqQxHLLi3yr5bAa4gvbzhZqBztifYEu8hh1La5+7sUw==",
            "cpu": [
                "arm64"
            ],
            "dev": true,
            "optional": true,
            "os": [
                "linux"
            ],
            "engines": {
                "node": ">=12"
            }
        },
        "node_modules/@esbuild/linux-ia32": {
            "version": "0.17.17",
            "resolved": "https://registry.npmjs.org/@esbuild/linux-ia32/-/linux-ia32-0.17.17.tgz",
            "integrity": "sha512-IBTTv8X60dYo6P2t23sSUYym8fGfMAiuv7PzJ+0LcdAndZRzvke+wTVxJeCq4WgjppkOpndL04gMZIFvwoU34Q==",
            "cpu": [
                "ia32"
            ],
            "dev": true,
            "optional": true,
            "os": [
                "linux"
            ],
            "engines": {
                "node": ">=12"
            }
        },
        "node_modules/@esbuild/linux-loong64": {
            "version": "0.17.17",
            "resolved": "https://registry.npmjs.org/@esbuild/linux-loong64/-/linux-loong64-0.17.17.tgz",
            "integrity": "sha512-WVMBtcDpATjaGfWfp6u9dANIqmU9r37SY8wgAivuKmgKHE+bWSuv0qXEFt/p3qXQYxJIGXQQv6hHcm7iWhWjiw==",
            "cpu": [
                "loong64"
            ],
            "dev": true,
            "optional": true,
            "os": [
                "linux"
            ],
            "engines": {
                "node": ">=12"
            }
        },
        "node_modules/@esbuild/linux-mips64el": {
            "version": "0.17.17",
            "resolved": "https://registry.npmjs.org/@esbuild/linux-mips64el/-/linux-mips64el-0.17.17.tgz",
            "integrity": "sha512-2kYCGh8589ZYnY031FgMLy0kmE4VoGdvfJkxLdxP4HJvWNXpyLhjOvxVsYjYZ6awqY4bgLR9tpdYyStgZZhi2A==",
            "cpu": [
                "mips64el"
            ],
            "dev": true,
            "optional": true,
            "os": [
                "linux"
            ],
            "engines": {
                "node": ">=12"
            }
        },
        "node_modules/@esbuild/linux-ppc64": {
            "version": "0.17.17",
            "resolved": "https://registry.npmjs.org/@esbuild/linux-ppc64/-/linux-ppc64-0.17.17.tgz",
            "integrity": "sha512-KIdG5jdAEeAKogfyMTcszRxy3OPbZhq0PPsW4iKKcdlbk3YE4miKznxV2YOSmiK/hfOZ+lqHri3v8eecT2ATwQ==",
            "cpu": [
                "ppc64"
            ],
            "dev": true,
            "optional": true,
            "os": [
                "linux"
            ],
            "engines": {
                "node": ">=12"
            }
        },
        "node_modules/@esbuild/linux-riscv64": {
            "version": "0.17.17",
            "resolved": "https://registry.npmjs.org/@esbuild/linux-riscv64/-/linux-riscv64-0.17.17.tgz",
            "integrity": "sha512-Cj6uWLBR5LWhcD/2Lkfg2NrkVsNb2sFM5aVEfumKB2vYetkA/9Uyc1jVoxLZ0a38sUhFk4JOVKH0aVdPbjZQeA==",
            "cpu": [
                "riscv64"
            ],
            "dev": true,
            "optional": true,
            "os": [
                "linux"
            ],
            "engines": {
                "node": ">=12"
            }
        },
        "node_modules/@esbuild/linux-s390x": {
            "version": "0.17.17",
            "resolved": "https://registry.npmjs.org/@esbuild/linux-s390x/-/linux-s390x-0.17.17.tgz",
            "integrity": "sha512-lK+SffWIr0XsFf7E0srBjhpkdFVJf3HEgXCwzkm69kNbRar8MhezFpkIwpk0qo2IOQL4JE4mJPJI8AbRPLbuOQ==",
            "cpu": [
                "s390x"
            ],
            "dev": true,
            "optional": true,
            "os": [
                "linux"
            ],
            "engines": {
                "node": ">=12"
            }
        },
        "node_modules/@esbuild/linux-x64": {
            "version": "0.17.17",
            "resolved": "https://registry.npmjs.org/@esbuild/linux-x64/-/linux-x64-0.17.17.tgz",
            "integrity": "sha512-XcSGTQcWFQS2jx3lZtQi7cQmDYLrpLRyz1Ns1DzZCtn898cWfm5Icx/DEWNcTU+T+tyPV89RQtDnI7qL2PObPg==",
            "cpu": [
                "x64"
            ],
            "dev": true,
            "optional": true,
            "os": [
                "linux"
            ],
            "engines": {
                "node": ">=12"
            }
        },
        "node_modules/@esbuild/netbsd-x64": {
            "version": "0.17.17",
            "resolved": "https://registry.npmjs.org/@esbuild/netbsd-x64/-/netbsd-x64-0.17.17.tgz",
            "integrity": "sha512-RNLCDmLP5kCWAJR+ItLM3cHxzXRTe4N00TQyQiimq+lyqVqZWGPAvcyfUBM0isE79eEZhIuGN09rAz8EL5KdLA==",
            "cpu": [
                "x64"
            ],
            "dev": true,
            "optional": true,
            "os": [
                "netbsd"
            ],
            "engines": {
                "node": ">=12"
            }
        },
        "node_modules/@esbuild/openbsd-x64": {
            "version": "0.17.17",
            "resolved": "https://registry.npmjs.org/@esbuild/openbsd-x64/-/openbsd-x64-0.17.17.tgz",
            "integrity": "sha512-PAXswI5+cQq3Pann7FNdcpSUrhrql3wKjj3gVkmuz6OHhqqYxKvi6GgRBoaHjaG22HV/ZZEgF9TlS+9ftHVigA==",
            "cpu": [
                "x64"
            ],
            "dev": true,
            "optional": true,
            "os": [
                "openbsd"
            ],
            "engines": {
                "node": ">=12"
            }
        },
        "node_modules/@esbuild/sunos-x64": {
            "version": "0.17.17",
            "resolved": "https://registry.npmjs.org/@esbuild/sunos-x64/-/sunos-x64-0.17.17.tgz",
            "integrity": "sha512-V63egsWKnx/4V0FMYkr9NXWrKTB5qFftKGKuZKFIrAkO/7EWLFnbBZNM1CvJ6Sis+XBdPws2YQSHF1Gqf1oj/Q==",
            "cpu": [
                "x64"
            ],
            "dev": true,
            "optional": true,
            "os": [
                "sunos"
            ],
            "engines": {
                "node": ">=12"
            }
        },
        "node_modules/@esbuild/win32-arm64": {
            "version": "0.17.17",
            "resolved": "https://registry.npmjs.org/@esbuild/win32-arm64/-/win32-arm64-0.17.17.tgz",
            "integrity": "sha512-YtUXLdVnd6YBSYlZODjWzH+KzbaubV0YVd6UxSfoFfa5PtNJNaW+1i+Hcmjpg2nEe0YXUCNF5bkKy1NnBv1y7Q==",
            "cpu": [
                "arm64"
            ],
            "dev": true,
            "optional": true,
            "os": [
                "win32"
            ],
            "engines": {
                "node": ">=12"
            }
        },
        "node_modules/@esbuild/win32-ia32": {
            "version": "0.17.17",
            "resolved": "https://registry.npmjs.org/@esbuild/win32-ia32/-/win32-ia32-0.17.17.tgz",
            "integrity": "sha512-yczSLRbDdReCO74Yfc5tKG0izzm+lPMYyO1fFTcn0QNwnKmc3K+HdxZWLGKg4pZVte7XVgcFku7TIZNbWEJdeQ==",
            "cpu": [
                "ia32"
            ],
            "dev": true,
            "optional": true,
            "os": [
                "win32"
            ],
            "engines": {
                "node": ">=12"
            }
        },
        "node_modules/@esbuild/win32-x64": {
            "version": "0.17.17",
            "resolved": "https://registry.npmjs.org/@esbuild/win32-x64/-/win32-x64-0.17.17.tgz",
            "integrity": "sha512-FNZw7H3aqhF9OyRQbDDnzUApDXfC1N6fgBhkqEO2jvYCJ+DxMTfZVqg3AX0R1khg1wHTBRD5SdcibSJ+XF6bFg==",
            "cpu": [
                "x64"
            ],
            "dev": true,
            "optional": true,
            "os": [
                "win32"
            ],
            "engines": {
                "node": ">=12"
            }
        },
        "node_modules/asynckit": {
            "version": "0.4.0",
            "resolved": "https://registry.npmjs.org/asynckit/-/asynckit-0.4.0.tgz",
            "integrity": "sha512-Oei9OH4tRh0YqU3GxhX79dM/mwVgvbZJaSNaRk+bshkj0S5cfHcgYakreBjrHwatXKbz+IoIdYLxrKim2MjW0Q==",
            "dev": true
        },
        "node_modules/axios": {
            "version": "1.3.5",
            "resolved": "https://registry.npmjs.org/axios/-/axios-1.3.5.tgz",
            "integrity": "sha512-glL/PvG/E+xCWwV8S6nCHcrfg1exGx7vxyUIivIA1iL7BIh6bePylCfVHwp6k13ao7SATxB6imau2kqY+I67kw==",
            "dev": true,
            "dependencies": {
                "follow-redirects": "^1.15.0",
                "form-data": "^4.0.0",
                "proxy-from-env": "^1.1.0"
            }
        },
        "node_modules/combined-stream": {
            "version": "1.0.8",
            "resolved": "https://registry.npmjs.org/combined-stream/-/combined-stream-1.0.8.tgz",
            "integrity": "sha512-FQN4MRfuJeHf7cBbBMJFXhKSDq+2kAArBlmRBvcvFE5BB1HZKXtSFASDhdlz9zOYwxh8lDdnvmMOe/+5cdoEdg==",
            "dev": true,
            "dependencies": {
                "delayed-stream": "~1.0.0"
            },
            "engines": {
                "node": ">= 0.8"
            }
        },
        "node_modules/delayed-stream": {
            "version": "1.0.0",
            "resolved": "https://registry.npmjs.org/delayed-stream/-/delayed-stream-1.0.0.tgz",
            "integrity": "sha512-ZySD7Nf91aLB0RxL4KGrKHBXl7Eds1DAmEdcoVawXnLD7SDhpNgtuII2aAkg7a7QS41jxPSZ17p4VdGnMHk3MQ==",
            "dev": true,
            "engines": {
                "node": ">=0.4.0"
            }
        },
        "node_modules/esbuild": {
            "version": "0.17.17",
            "resolved": "https://registry.npmjs.org/esbuild/-/esbuild-0.17.17.tgz",
            "integrity": "sha512-/jUywtAymR8jR4qsa2RujlAF7Krpt5VWi72Q2yuLD4e/hvtNcFQ0I1j8m/bxq238pf3/0KO5yuXNpuLx8BE1KA==",
            "dev": true,
            "hasInstallScript": true,
            "bin": {
                "esbuild": "bin/esbuild"
            },
            "engines": {
                "node": ">=12"
            },
            "optionalDependencies": {
                "@esbuild/android-arm": "0.17.17",
                "@esbuild/android-arm64": "0.17.17",
                "@esbuild/android-x64": "0.17.17",
                "@esbuild/darwin-arm64": "0.17.17",
                "@esbuild/darwin-x64": "0.17.17",
                "@esbuild/freebsd-arm64": "0.17.17",
                "@esbuild/freebsd-x64": "0.17.17",
                "@esbuild/linux-arm": "0.17.17",
                "@esbuild/linux-arm64": "0.17.17",
                "@esbuild/linux-ia32": "0.17.17",
                "@esbuild/linux-loong64": "0.17.17",
                "@esbuild/linux-mips64el": "0.17.17",
                "@esbuild/linux-ppc64": "0.17.17",
                "@esbuild/linux-riscv64": "0.17.17",
                "@esbuild/linux-s390x": "0.17.17",
                "@esbuild/linux-x64": "0.17.17",
                "@esbuild/netbsd-x64": "0.17.17",
                "@esbuild/openbsd-x64": "0.17.17",
                "@esbuild/sunos-x64": "0.17.17",
                "@esbuild/win32-arm64": "0.17.17",
                "@esbuild/win32-ia32": "0.17.17",
                "@esbuild/win32-x64": "0.17.17"
            }
        },
        "node_modules/follow-redirects": {
            "version": "1.15.2",
            "resolved": "https://registry.npmjs.org/follow-redirects/-/follow-redirects-1.15.2.tgz",
            "integrity": "sha512-VQLG33o04KaQ8uYi2tVNbdrWp1QWxNNea+nmIB4EVM28v0hmP17z7aG1+wAkNzVq4KeXTq3221ye5qTJP91JwA==",
            "dev": true,
            "funding": [
                {
                    "type": "individual",
                    "url": "https://github.com/sponsors/RubenVerborgh"
                }
            ],
            "engines": {
                "node": ">=4.0"
            },
            "peerDependenciesMeta": {
                "debug": {
                    "optional": true
                }
            }
        },
        "node_modules/form-data": {
            "version": "4.0.0",
            "resolved": "https://registry.npmjs.org/form-data/-/form-data-4.0.0.tgz",
            "integrity": "sha512-ETEklSGi5t0QMZuiXoA/Q6vcnxcLQP5vdugSpuAyi6SVGi2clPPp+xgEhuMaHC+zGgn31Kd235W35f7Hykkaww==",
            "dev": true,
            "dependencies": {
                "asynckit": "^0.4.0",
                "combined-stream": "^1.0.8",
                "mime-types": "^2.1.12"
            },
            "engines": {
                "node": ">= 6"
            }
        },
        "node_modules/fsevents": {
            "version": "2.3.2",
            "resolved": "https://registry.npmjs.org/fsevents/-/fsevents-2.3.2.tgz",
            "integrity": "sha512-xiqMQR4xAeHTuB9uWm+fFRcIOgKBMiOBP+eXiyT7jsgVCq1bkVygt00oASowB7EdtpOHaaPgKt812P9ab+DDKA==",
            "dev": true,
            "hasInstallScript": true,
            "optional": true,
            "os": [
                "darwin"
            ],
            "engines": {
                "node": "^8.16.0 || ^10.6.0 || >=11.0.0"
            }
        },
        "node_modules/function-bind": {
            "version": "1.1.1",
            "resolved": "https://registry.npmjs.org/function-bind/-/function-bind-1.1.1.tgz",
            "integrity": "sha512-yIovAzMX49sF8Yl58fSCWJ5svSLuaibPxXQJFLmBObTuCr0Mf1KiPopGM9NiFjiYBCbfaa2Fh6breQ6ANVTI0A==",
            "dev": true
        },
        "node_modules/has": {
            "version": "1.0.3",
            "resolved": "https://registry.npmjs.org/has/-/has-1.0.3.tgz",
            "integrity": "sha512-f2dvO0VU6Oej7RkWJGrehjbzMAjFp5/VKPp5tTpWIV4JHHZK1/BxbFRtf/siA2SWTe09caDmVtYYzWEIbBS4zw==",
            "dev": true,
            "dependencies": {
                "function-bind": "^1.1.1"
            },
            "engines": {
                "node": ">= 0.4.0"
            }
        },
        "node_modules/is-core-module": {
            "version": "2.12.0",
            "resolved": "https://registry.npmjs.org/is-core-module/-/is-core-module-2.12.0.tgz",
            "integrity": "sha512-RECHCBCd/viahWmwj6enj19sKbHfJrddi/6cBDsNTKbNq0f7VeaUkBo60BqzvPqo/W54ChS62Z5qyun7cfOMqQ==",
            "dev": true,
            "dependencies": {
                "has": "^1.0.3"
            },
            "funding": {
                "url": "https://github.com/sponsors/ljharb"
            }
        },
        "node_modules/laravel-vite-plugin": {
            "version": "0.7.4",
            "resolved": "https://registry.npmjs.org/laravel-vite-plugin/-/laravel-vite-plugin-0.7.4.tgz",
            "integrity": "sha512-NlIuXbeuI+4NZzRpWNpGHRVTwuFWessvD7QoD+o2MlyAi7qyUS4J8r4/yTlu1dl9lxcR7iKoYUmHQqZDcrw2KA==",
            "dev": true,
            "dependencies": {
                "picocolors": "^1.0.0",
                "vite-plugin-full-reload": "^1.0.5"
            },
            "engines": {
                "node": ">=14"
            },
            "peerDependencies": {
                "vite": "^3.0.0 || ^4.0.0"
            }
        },
        "node_modules/mime-db": {
            "version": "1.52.0",
            "resolved": "https://registry.npmjs.org/mime-db/-/mime-db-1.52.0.tgz",
            "integrity": "sha512-sPU4uV7dYlvtWJxwwxHD0PuihVNiE7TyAbQ5SWxDCB9mUYvOgroQOwYQQOKPJ8CIbE+1ETVlOoK1UC2nU3gYvg==",
            "dev": true,
            "engines": {
                "node": ">= 0.6"
            }
        },
        "node_modules/mime-types": {
            "version": "2.1.35",
            "resolved": "https://registry.npmjs.org/mime-types/-/mime-types-2.1.35.tgz",
            "integrity": "sha512-ZDY+bPm5zTTF+YpCrAU9nK0UgICYPT0QtT1NZWFv4s++TNkcgVaT0g6+4R2uI4MjQjzysHB1zxuWL50hzaeXiw==",
            "dev": true,
            "dependencies": {
                "mime-db": "1.52.0"
            },
            "engines": {
                "node": ">= 0.6"
            }
        },
        "node_modules/nanoid": {
            "version": "3.3.6",
            "resolved": "https://registry.npmjs.org/nanoid/-/nanoid-3.3.6.tgz",
            "integrity": "sha512-BGcqMMJuToF7i1rt+2PWSNVnWIkGCU78jBG3RxO/bZlnZPK2Cmi2QaffxGO/2RvWi9sL+FAiRiXMgsyxQ1DIDA==",
            "dev": true,
            "funding": [
                {
                    "type": "github",
                    "url": "https://github.com/sponsors/ai"
                }
            ],
            "bin": {
                "nanoid": "bin/nanoid.cjs"
            },
            "engines": {
                "node": "^10 || ^12 || ^13.7 || ^14 || >=15.0.1"
            }
        },
        "node_modules/path-parse": {
            "version": "1.0.7",
            "resolved": "https://registry.npmjs.org/path-parse/-/path-parse-1.0.7.tgz",
            "integrity": "sha512-LDJzPVEEEPR+y48z93A0Ed0yXb8pAByGWo/k5YYdYgpY2/2EsOsksJrq7lOHxryrVOn1ejG6oAp8ahvOIQD8sw==",
            "dev": true
        },
        "node_modules/picocolors": {
            "version": "1.0.0",
            "resolved": "https://registry.npmjs.org/picocolors/-/picocolors-1.0.0.tgz",
            "integrity": "sha512-1fygroTLlHu66zi26VoTDv8yRgm0Fccecssto+MhsZ0D/DGW2sm8E8AjW7NU5VVTRt5GxbeZ5qBuJr+HyLYkjQ==",
            "dev": true
        },
        "node_modules/picomatch": {
            "version": "2.3.1",
            "resolved": "https://registry.npmjs.org/picomatch/-/picomatch-2.3.1.tgz",
            "integrity": "sha512-JU3teHTNjmE2VCGFzuY8EXzCDVwEqB2a8fsIvwaStHhAWJEeVd1o1QD80CU6+ZdEXXSLbSsuLwJjkCBWqRQUVA==",
            "dev": true,
            "engines": {
                "node": ">=8.6"
            },
            "funding": {
                "url": "https://github.com/sponsors/jonschlinkert"
            }
        },
        "node_modules/postcss": {
            "version": "8.4.22",
            "resolved": "https://registry.npmjs.org/postcss/-/postcss-8.4.22.tgz",
            "integrity": "sha512-XseknLAfRHzVWjCEtdviapiBtfLdgyzExD50Rg2ePaucEesyh8Wv4VPdW0nbyDa1ydbrAxV19jvMT4+LFmcNUA==",
            "dev": true,
            "funding": [
                {
                    "type": "opencollective",
                    "url": "https://opencollective.com/postcss/"
                },
                {
                    "type": "tidelift",
                    "url": "https://tidelift.com/funding/github/npm/postcss"
                },
                {
                    "type": "github",
                    "url": "https://github.com/sponsors/ai"
                }
            ],
            "dependencies": {
                "nanoid": "^3.3.6",
                "picocolors": "^1.0.0",
                "source-map-js": "^1.0.2"
            },
            "engines": {
                "node": "^10 || ^12 || >=14"
            }
        },
        "node_modules/proxy-from-env": {
            "version": "1.1.0",
            "resolved": "https://registry.npmjs.org/proxy-from-env/-/proxy-from-env-1.1.0.tgz",
            "integrity": "sha512-D+zkORCbA9f1tdWRK0RaCR3GPv50cMxcrz4X8k5LTSUD1Dkw47mKJEZQNunItRTkWwgtaUSo1RVFRIG9ZXiFYg==",
            "dev": true
        },
        "node_modules/resolve": {
            "version": "1.22.2",
            "resolved": "https://registry.npmjs.org/resolve/-/resolve-1.22.2.tgz",
            "integrity": "sha512-Sb+mjNHOULsBv818T40qSPeRiuWLyaGMa5ewydRLFimneixmVy2zdivRl+AF6jaYPC8ERxGDmFSiqui6SfPd+g==",
            "dev": true,
            "dependencies": {
                "is-core-module": "^2.11.0",
                "path-parse": "^1.0.7",
                "supports-preserve-symlinks-flag": "^1.0.0"
            },
            "bin": {
                "resolve": "bin/resolve"
            },
            "funding": {
                "url": "https://github.com/sponsors/ljharb"
            }
        },
        "node_modules/rollup": {
            "version": "3.20.6",
            "resolved": "https://registry.npmjs.org/rollup/-/rollup-3.20.6.tgz",
            "integrity": "sha512-2yEB3nQXp/tBQDN0hJScJQheXdvU2wFhh6ld7K/aiZ1vYcak6N/BKjY1QrU6BvO2JWYS8bEs14FRaxXosxy2zw==",
            "dev": true,
            "bin": {
                "rollup": "dist/bin/rollup"
            },
            "engines": {
                "node": ">=14.18.0",
                "npm": ">=8.0.0"
            },
            "optionalDependencies": {
                "fsevents": "~2.3.2"
            }
        },
        "node_modules/source-map-js": {
            "version": "1.0.2",
            "resolved": "https://registry.npmjs.org/source-map-js/-/source-map-js-1.0.2.tgz",
            "integrity": "sha512-R0XvVJ9WusLiqTCEiGCmICCMplcCkIwwR11mOSD9CR5u+IXYdiseeEuXCVAjS54zqwkLcPNnmU4OeJ6tUrWhDw==",
            "dev": true,
            "engines": {
                "node": ">=0.10.0"
            }
        },
        "node_modules/supports-preserve-symlinks-flag": {
            "version": "1.0.0",
            "resolved": "https://registry.npmjs.org/supports-preserve-symlinks-flag/-/supports-preserve-symlinks-flag-1.0.0.tgz",
            "integrity": "sha512-ot0WnXS9fgdkgIcePe6RHNk1WA8+muPa6cSjeR3V8K27q9BB1rTE3R1p7Hv0z1ZyAc8s6Vvv8DIyWf681MAt0w==",
            "dev": true,
            "engines": {
                "node": ">= 0.4"
            },
            "funding": {
                "url": "https://github.com/sponsors/ljharb"
            }
        },
        "node_modules/vite": {
            "version": "4.2.2",
            "resolved": "https://registry.npmjs.org/vite/-/vite-4.2.2.tgz",
            "integrity": "sha512-PcNtT5HeDxb3QaSqFYkEum8f5sCVe0R3WK20qxgIvNBZPXU/Obxs/+ubBMeE7nLWeCo2LDzv+8hRYSlcaSehig==",
            "dev": true,
            "dependencies": {
                "esbuild": "^0.17.5",
                "postcss": "^8.4.21",
                "resolve": "^1.22.1",
                "rollup": "^3.18.0"
            },
            "bin": {
                "vite": "bin/vite.js"
            },
            "engines": {
                "node": "^14.18.0 || >=16.0.0"
            },
            "optionalDependencies": {
                "fsevents": "~2.3.2"
            },
            "peerDependencies": {
                "@types/node": ">= 14",
                "less": "*",
                "sass": "*",
                "stylus": "*",
                "sugarss": "*",
                "terser": "^5.4.0"
            },
            "peerDependenciesMeta": {
                "@types/node": {
                    "optional": true
                },
                "less": {
                    "optional": true
                },
                "sass": {
                    "optional": true
                },
                "stylus": {
                    "optional": true
                },
                "sugarss": {
                    "optional": true
                },
                "terser": {
                    "optional": true
                }
            }
        },
        "node_modules/vite-plugin-full-reload": {
            "version": "1.0.5",
            "resolved": "https://registry.npmjs.org/vite-plugin-full-reload/-/vite-plugin-full-reload-1.0.5.tgz",
            "integrity": "sha512-kVZFDFWr0DxiHn6MuDVTQf7gnWIdETGlZh0hvTiMXzRN80vgF4PKbONSq8U1d0WtHsKaFODTQgJeakLacoPZEQ==",
            "dev": true,
            "dependencies": {
                "picocolors": "^1.0.0",
                "picomatch": "^2.3.1"
            },
            "peerDependencies": {
                "vite": "^2 || ^3 || ^4"
            }
        }
    }
}
